
Microsoft Visual Studio Solution File, Format Version 12.00
# Visual Studio Version 16
VisualStudioVersion = 16.0.30711.63
MinimumVisualStudioVersion = 10.0.40219.1
Project("{FAE04EC0-301F-11D3-BF4B-00C04F79EFBC}") = "NetGenRunner", "NetGenRunner\NetGenRunner.csproj", "{06C6680D-B644-43C3-A52A-567F12B957EA}"
EndProject
Global
	GlobalSection(SolutionConfigurationPlatforms) = preSolution
		Debug|Any CPU = Debug|Any CPU
		Release|Any CPU = Release|Any CPU
	EndGlobalSection
	GlobalSection(ProjectConfigurationPlatforms) = postSolution
		{06C6680D-B644-43C3-A52A-567F12B957EA}.Debug|Any CPU.ActiveCfg = Debug|Any CPU
		{06C6680D-B644-43C3-A52A-567F12B957EA}.Debug|Any CPU.Build.0 = Debug|Any CPU
		{06C6680D-B644-43C3-A52A-567F12B957EA}.Release|Any CPU.ActiveCfg = Release|Any CPU
		{06C6680D-B644-43C3-A52A-567F12B957EA}.Release|Any CPU.Build.0 = Release|Any CPU
	EndGlobalSection
	GlobalSection(SolutionProperties) = preSolution
		HideSolutionNode = FALSE
	EndGlobalSection
	GlobalSection(ExtensibilityGlobals) = postSolution
		SolutionGuid = {5F16B1C9-60F0-4CAD-A8CA-094FAFC99BBB}
	EndGlobalSection
EndGlobal
